{
  "requires": true,
  "lockfileVersion": 1,
  "dependencies": {
    "aws4fetch": {
      "version": "1.0.13",
      "resolved": "https://registry.npmjs.org/aws4fetch/-/aws4fetch-1.0.13.tgz",
      "integrity": "sha512-UTlirJkLtGbJurR9PlL4rOZ9HM1G/1/joWItpVwQ0f7j5Alldd7rfCMcy2kd0l2nDZ4LBdd6cFhrMwsEtazCNw=="
    },
    "cloudworker-proxy": {
      "version": "1.16.1",
      "resolved": "https://registry.npmjs.org/cloudworker-proxy/-/cloudworker-proxy-1.16.1.tgz",
      "integrity": "sha512-oPrYwrEFBb9N4zEetFNodVJ7xV9DobX1XvQsNwWHtm1nPhduY4Dt4If2kUu+o6kIViw9CeO06Hx+4b2240SHVA==",
      "requires": {
        "aws4fetch": "1.0.13",
        "cloudworker-router": "1.11.2",
        "cookie": "0.4.1",
        "lodash.get": "4.4.2",
        "lodash.set": "4.3.2",
        "shortid": "2.2.16"
      }
    },
    "cloudworker-router": {
      "version": "1.11.2",
      "resolved": "https://registry.npmjs.org/cloudworker-router/-/cloudworker-router-1.11.2.tgz",
      "integrity": "sha512-zElLGYx01oT3+j5T9So9auI0OXRTnqb5JtiFGPzDXr5p3kVL8gBbkwkPGpHPEU6tLgedwmjYSQ5y7bjfKsp9eA=="
    },
    "cookie": {
      "version": "0.4.1",
      "resolved": "https://registry.npmjs.org/cookie/-/cookie-0.4.1.tgz",
      "integrity": "sha512-ZwrFkGJxUR3EIoXtO+yVE69Eb7KlixbaeAWfBQB9vVsNn/o+Yw69gBWSSDK825hQNdN+wF8zELf3dFNl/kxkUA=="
    },
    "lodash.get": {
      "version": "4.4.2",
      "resolved": "https://registry.npmjs.org/lodash.get/-/lodash.get-4.4.2.tgz",
      "integrity": "sha1-LRd/ZS+jHpObRDjVNBSZ36OCXpk="
    },
    "lodash.set": {
      "version": "4.3.2",
      "resolved": "https://registry.npmjs.org/lodash.set/-/lodash.set-4.3.2.tgz",
      "integrity": "sha1-2HV7HagH3eJIFrDWqEvqGnYjCyM="
    },
    "nanoid": {
      "version": "2.1.11",
      "resolved": "https://registry.npmjs.org/nanoid/-/nanoid-2.1.11.tgz",
      "integrity": "sha512-s/snB+WGm6uwi0WjsZdaVcuf3KJXlfGl2LcxgwkEwJF0D/BWzVWAZW/XY4bFaiR7s0Jk3FPvlnepg1H1b1UwlA=="
    },
    "shortid": {
      "version": "2.2.16",
      "resolved": "https://registry.npmjs.org/shortid/-/shortid-2.2.16.tgz",
      "integrity": "sha512-Ugt+GIZqvGXCIItnsL+lvFJOiN7RYqlGy7QE41O3YC1xbNSeDGIRO7xg2JJXIAj1cAGnOeC1r7/T9pgrtQbv4g==",
      "requires": {
        "nanoid": "^2.1.0"
      }
    }
  }
}
